{
  "object": {
    "pins": [
      {
        "package": "Cairo",
        "repositoryURL": "https://github.com/GothStar/Cairo.git",
        "state": {
          "branch": "master",
          "revision": "b77a34e0ffa4242c1110ee8d9d27e8920cd672b0",
          "version": null
        }
      }
    ]
  },
  "version": 1
}
